<?xml version="1.0" encoding="utf-8"?>
<Project ToolsVersion="4.0" xmlns="http://schemas.microsoft.com/developer/msbuild/2003">
  <ItemGroup>
    <Filter Include="src">
      <UniqueIdentifier>{4e5679bd-839d-4148-aae8-5c325ac8b251}</UniqueIdentifier>
    </Filter>
    <Filter Include="include">
      <UniqueIdentifier>{7c141d6b-91a3-4168-91f0-bd9bdc6be504}</UniqueIdentifier>
    </Filter>
  </ItemGroup>
  <ItemGroup>
    <ClCompile Include="$(ProjectDir)src\StdAfx.cpp">
      <Filter>src</Filter>
    </ClCompile>
  </ItemGroup>
  <ItemGroup>
    <ClInclude Include="$(ProjectDir)src\StdAfx.h">
      <Filter>src</Filter>
    </ClInclude>
    <ClInclude Include="$(ProjectDir)include\csaru-container-cpp.h">
      <Filter>include</Filter>
    </ClInclude>
  </ItemGroup>
</Project>